
Microsoft Visual Studio Solution File, Format Version 12.00
# Visual Studio Version 16
VisualStudioVersion = 16.0.30114.105
MinimumVisualStudioVersion = 10.0.40219.1
Project("{2150E333-8FDC-42A3-9474-1A3956D46DE8}") = "Core", "Core", "{780FA8F7-B9E1-4526-A084-6F09F3676C0C}"
EndProject
Project("{2150E333-8FDC-42A3-9474-1A3956D46DE8}") = "Infrastructure", "Infrastructure", "{BBC5B6C2-2245-47DC-A0F6-061ADFB4B032}"
EndProject
Project("{2150E333-8FDC-42A3-9474-1A3956D46DE8}") = "Presentation", "Presentation", "{78B1DC5B-F94D-4AC3-B75D-743DF24B22F2}"
EndProject
Project("{FAE04EC0-301F-11D3-BF4B-00C04F79EFBC}") = "Domain", "Domain\Domain.csproj", "{4EEEF48A-8DC6-4DD0-A7EA-6724159921B8}"
EndProject
Project("{FAE04EC0-301F-11D3-BF4B-00C04F79EFBC}") = "Application", "Application\Application.csproj", "{78067F46-E363-40D6-86BC-92E1159E2604}"
EndProject
Project("{FAE04EC0-301F-11D3-BF4B-00C04F79EFBC}") = "Persistence", "Persistence\Persistence.csproj", "{D27E8B4F-527D-4747-A18C-A9BA3CE526DE}"
EndProject
Project("{FAE04EC0-301F-11D3-BF4B-00C04F79EFBC}") = "IOC", "IOC\IOC.csproj", "{3E7D128F-10DB-4483-BDFF-1D66808E6D4C}"
EndProject
Project("{FAE04EC0-301F-11D3-BF4B-00C04F79EFBC}") = "API", "API\API.csproj", "{12EE5CB9-AD60-4CCA-B3EF-CBAD20B6FEA6}"
EndProject
Global
	GlobalSection(SolutionConfigurationPlatforms) = preSolution
		Debug|Any CPU = Debug|Any CPU
		Release|Any CPU = Release|Any CPU
	EndGlobalSection
	GlobalSection(SolutionProperties) = preSolution
		HideSolutionNode = FALSE
	EndGlobalSection
	GlobalSection(ProjectConfigurationPlatforms) = postSolution
		{4EEEF48A-8DC6-4DD0-A7EA-6724159921B8}.Debug|Any CPU.ActiveCfg = Debug|Any CPU
		{4EEEF48A-8DC6-4DD0-A7EA-6724159921B8}.Debug|Any CPU.Build.0 = Debug|Any CPU
		{4EEEF48A-8DC6-4DD0-A7EA-6724159921B8}.Release|Any CPU.ActiveCfg = Release|Any CPU
		{4EEEF48A-8DC6-4DD0-A7EA-6724159921B8}.Release|Any CPU.Build.0 = Release|Any CPU
		{78067F46-E363-40D6-86BC-92E1159E2604}.Debug|Any CPU.ActiveCfg = Debug|Any CPU
		{78067F46-E363-40D6-86BC-92E1159E2604}.Debug|Any CPU.Build.0 = Debug|Any CPU
		{78067F46-E363-40D6-86BC-92E1159E2604}.Release|Any CPU.ActiveCfg = Release|Any CPU
		{78067F46-E363-40D6-86BC-92E1159E2604}.Release|Any CPU.Build.0 = Release|Any CPU
		{D27E8B4F-527D-4747-A18C-A9BA3CE526DE}.Debug|Any CPU.ActiveCfg = Debug|Any CPU
		{D27E8B4F-527D-4747-A18C-A9BA3CE526DE}.Debug|Any CPU.Build.0 = Debug|Any CPU
		{D27E8B4F-527D-4747-A18C-A9BA3CE526DE}.Release|Any CPU.ActiveCfg = Release|Any CPU
		{D27E8B4F-527D-4747-A18C-A9BA3CE526DE}.Release|Any CPU.Build.0 = Release|Any CPU
		{3E7D128F-10DB-4483-BDFF-1D66808E6D4C}.Debug|Any CPU.ActiveCfg = Debug|Any CPU
		{3E7D128F-10DB-4483-BDFF-1D66808E6D4C}.Debug|Any CPU.Build.0 = Debug|Any CPU
		{3E7D128F-10DB-4483-BDFF-1D66808E6D4C}.Release|Any CPU.ActiveCfg = Release|Any CPU
		{3E7D128F-10DB-4483-BDFF-1D66808E6D4C}.Release|Any CPU.Build.0 = Release|Any CPU
		{12EE5CB9-AD60-4CCA-B3EF-CBAD20B6FEA6}.Debug|Any CPU.ActiveCfg = Debug|Any CPU
		{12EE5CB9-AD60-4CCA-B3EF-CBAD20B6FEA6}.Debug|Any CPU.Build.0 = Debug|Any CPU
		{12EE5CB9-AD60-4CCA-B3EF-CBAD20B6FEA6}.Release|Any CPU.ActiveCfg = Release|Any CPU
		{12EE5CB9-AD60-4CCA-B3EF-CBAD20B6FEA6}.Release|Any CPU.Build.0 = Release|Any CPU
		{4CAB7FB1-CCBF-4AA7-ACFB-2E07E9B5D885}.Debug|Any CPU.ActiveCfg = Debug|Any CPU
		{4CAB7FB1-CCBF-4AA7-ACFB-2E07E9B5D885}.Debug|Any CPU.Build.0 = Debug|Any CPU
		{4CAB7FB1-CCBF-4AA7-ACFB-2E07E9B5D885}.Release|Any CPU.ActiveCfg = Release|Any CPU
		{4CAB7FB1-CCBF-4AA7-ACFB-2E07E9B5D885}.Release|Any CPU.Build.0 = Release|Any CPU
		{3A3E5F95-0C3D-40A3-BF4E-1211AFA370DE}.Debug|Any CPU.ActiveCfg = Debug|Any CPU
		{3A3E5F95-0C3D-40A3-BF4E-1211AFA370DE}.Debug|Any CPU.Build.0 = Debug|Any CPU
		{3A3E5F95-0C3D-40A3-BF4E-1211AFA370DE}.Release|Any CPU.ActiveCfg = Release|Any CPU
		{3A3E5F95-0C3D-40A3-BF4E-1211AFA370DE}.Release|Any CPU.Build.0 = Release|Any CPU
	EndGlobalSection
	GlobalSection(NestedProjects) = preSolution
		{12EE5CB9-AD60-4CCA-B3EF-CBAD20B6FEA6} = {78B1DC5B-F94D-4AC3-B75D-743DF24B22F2}
		{D27E8B4F-527D-4747-A18C-A9BA3CE526DE} = {BBC5B6C2-2245-47DC-A0F6-061ADFB4B032}
		{3E7D128F-10DB-4483-BDFF-1D66808E6D4C} = {BBC5B6C2-2245-47DC-A0F6-061ADFB4B032}
		{4EEEF48A-8DC6-4DD0-A7EA-6724159921B8} = {780FA8F7-B9E1-4526-A084-6F09F3676C0C}
		{78067F46-E363-40D6-86BC-92E1159E2604} = {780FA8F7-B9E1-4526-A084-6F09F3676C0C}
	EndGlobalSection
EndGlobal
